
Microsoft Visual Studio Solution File, Format Version 12.00
# Visual Studio Version 16
VisualStudioVersion = 25.0.1700.0
MinimumVisualStudioVersion = 10.0.40219.1
Project("{2150E333-8FDC-42A3-9474-1A3956D46DE8}") = "FrontEnd", "FrontEnd", "{9F893F8C-4A3D-432A-BB31-7AEAD0751CF9}"
EndProject
Project("{2150E333-8FDC-42A3-9474-1A3956D46DE8}") = "Services", "Services", "{01FFB866-D45B-4410-B198-A6D4C87F1CBD}"
EndProject
Project("{FAE04EC0-301F-11D3-BF4B-00C04F79EFBC}") = "GeekShopping.Web", "GeekShopping.Web\GeekShopping.Web.csproj", "{388128F4-BB60-4520-A9FD-B6D0E9C099C7}"
EndProject
Project("{FAE04EC0-301F-11D3-BF4B-00C04F79EFBC}") = "GeekShopping.ProductAPI", "GeekShopping.ProductAPI\GeekShopping.ProductAPI.csproj", "{478EF5F4-443A-471D-9EF7-B7C1987AC4C0}"
EndProject
Project("{2150E333-8FDC-42A3-9474-1A3956D46DE8}") = "foo", "foo", "{EBF0F975-E8AB-4494-A31D-E82F252C003B}"
EndProject
Project("{FAE04EC0-301F-11D3-BF4B-00C04F79EFBC}") = "GeekShopping.IdentityServer", "GeekShopping.IdentityServer\GeekShopping.IdentityServer.csproj", "{8964801E-02C4-44FA-A7C0-D7AD978B141B}"
EndProject
Project("{FAE04EC0-301F-11D3-BF4B-00C04F79EFBC}") = "GeekShopping.CartAPI", "GeekShopping.CartAPI\GeekShopping.CartAPI.csproj", "{2A2130A0-9EC9-4147-A699-0CB7CDEDB178}"
EndProject
Project("{FAE04EC0-301F-11D3-BF4B-00C04F79EFBC}") = "GeekShopping.CouponAPI", "GeekShopping.CouponAPI\GeekShopping.CouponAPI.csproj", "{4CBAA14C-20FD-49FD-95E3-40AE23DBDC90}"
EndProject
Project("{2150E333-8FDC-42A3-9474-1A3956D46DE8}") = "Integration", "Integration", "{B47DF249-959A-4320-82D9-7F72FC593D9F}"
EndProject
Project("{FAE04EC0-301F-11D3-BF4B-00C04F79EFBC}") = "GeekShopping.MessageBus", "GeekShopping.MessageBus\GeekShopping.MessageBus.csproj", "{8767AFE1-F552-4571-BBD1-043BA356619C}"
EndProject
Project("{FAE04EC0-301F-11D3-BF4B-00C04F79EFBC}") = "GeekShopping.OrderAPI", "GeekShopping.OrderAPI\GeekShopping.OrderAPI.csproj", "{24695298-88A6-4532-AA21-70BC4FAB6218}"
EndProject
Project("{2150E333-8FDC-42A3-9474-1A3956D46DE8}") = "Payments", "Payments", "{2CAA635C-2254-4191-B58F-EFF51BAF9F74}"
EndProject
Project("{FAE04EC0-301F-11D3-BF4B-00C04F79EFBC}") = "GeekShopping.PaymentProcessor", "GeekShopping.PaymentProcessor\GeekShopping.PaymentProcessor2\GeekShopping.PaymentProcessor.csproj", "{04B9590F-A41E-4F65-ABE1-A84E0EF50C68}"
EndProject
Project("{FAE04EC0-301F-11D3-BF4B-00C04F79EFBC}") = "GeekShopping.PaymentAPI", "GeekShopping.PaymentAPI\GeekShopping.PaymentAPI.csproj", "{A4EC4DD7-CB77-4781-B239-1CC540002DCF}"
EndProject
Global
	GlobalSection(SolutionConfigurationPlatforms) = preSolution
		Debug|Any CPU = Debug|Any CPU
		Release|Any CPU = Release|Any CPU
	EndGlobalSection
	GlobalSection(ProjectConfigurationPlatforms) = postSolution
		{388128F4-BB60-4520-A9FD-B6D0E9C099C7}.Debug|Any CPU.ActiveCfg = Debug|Any CPU
		{388128F4-BB60-4520-A9FD-B6D0E9C099C7}.Debug|Any CPU.Build.0 = Debug|Any CPU
		{388128F4-BB60-4520-A9FD-B6D0E9C099C7}.Release|Any CPU.ActiveCfg = Release|Any CPU
		{388128F4-BB60-4520-A9FD-B6D0E9C099C7}.Release|Any CPU.Build.0 = Release|Any CPU
		{478EF5F4-443A-471D-9EF7-B7C1987AC4C0}.Debug|Any CPU.ActiveCfg = Debug|Any CPU
		{478EF5F4-443A-471D-9EF7-B7C1987AC4C0}.Debug|Any CPU.Build.0 = Debug|Any CPU
		{478EF5F4-443A-471D-9EF7-B7C1987AC4C0}.Release|Any CPU.ActiveCfg = Release|Any CPU
		{478EF5F4-443A-471D-9EF7-B7C1987AC4C0}.Release|Any CPU.Build.0 = Release|Any CPU
		{8964801E-02C4-44FA-A7C0-D7AD978B141B}.Debug|Any CPU.ActiveCfg = Debug|Any CPU
		{8964801E-02C4-44FA-A7C0-D7AD978B141B}.Debug|Any CPU.Build.0 = Debug|Any CPU
		{8964801E-02C4-44FA-A7C0-D7AD978B141B}.Release|Any CPU.ActiveCfg = Release|Any CPU
		{8964801E-02C4-44FA-A7C0-D7AD978B141B}.Release|Any CPU.Build.0 = Release|Any CPU
		{2A2130A0-9EC9-4147-A699-0CB7CDEDB178}.Debug|Any CPU.ActiveCfg = Debug|Any CPU
		{2A2130A0-9EC9-4147-A699-0CB7CDEDB178}.Debug|Any CPU.Build.0 = Debug|Any CPU
		{2A2130A0-9EC9-4147-A699-0CB7CDEDB178}.Release|Any CPU.ActiveCfg = Release|Any CPU
		{2A2130A0-9EC9-4147-A699-0CB7CDEDB178}.Release|Any CPU.Build.0 = Release|Any CPU
		{4CBAA14C-20FD-49FD-95E3-40AE23DBDC90}.Debug|Any CPU.ActiveCfg = Debug|Any CPU
		{4CBAA14C-20FD-49FD-95E3-40AE23DBDC90}.Debug|Any CPU.Build.0 = Debug|Any CPU
		{4CBAA14C-20FD-49FD-95E3-40AE23DBDC90}.Release|Any CPU.ActiveCfg = Release|Any CPU
		{4CBAA14C-20FD-49FD-95E3-40AE23DBDC90}.Release|Any CPU.Build.0 = Release|Any CPU
		{8767AFE1-F552-4571-BBD1-043BA356619C}.Debug|Any CPU.ActiveCfg = Debug|Any CPU
		{8767AFE1-F552-4571-BBD1-043BA356619C}.Debug|Any CPU.Build.0 = Debug|Any CPU
		{8767AFE1-F552-4571-BBD1-043BA356619C}.Release|Any CPU.ActiveCfg = Release|Any CPU
		{8767AFE1-F552-4571-BBD1-043BA356619C}.Release|Any CPU.Build.0 = Release|Any CPU
		{24695298-88A6-4532-AA21-70BC4FAB6218}.Debug|Any CPU.ActiveCfg = Debug|Any CPU
		{24695298-88A6-4532-AA21-70BC4FAB6218}.Debug|Any CPU.Build.0 = Debug|Any CPU
		{24695298-88A6-4532-AA21-70BC4FAB6218}.Release|Any CPU.ActiveCfg = Release|Any CPU
		{24695298-88A6-4532-AA21-70BC4FAB6218}.Release|Any CPU.Build.0 = Release|Any CPU
		{04B9590F-A41E-4F65-ABE1-A84E0EF50C68}.Debug|Any CPU.ActiveCfg = Debug|Any CPU
		{04B9590F-A41E-4F65-ABE1-A84E0EF50C68}.Debug|Any CPU.Build.0 = Debug|Any CPU
		{04B9590F-A41E-4F65-ABE1-A84E0EF50C68}.Release|Any CPU.ActiveCfg = Release|Any CPU
		{04B9590F-A41E-4F65-ABE1-A84E0EF50C68}.Release|Any CPU.Build.0 = Release|Any CPU
		{A4EC4DD7-CB77-4781-B239-1CC540002DCF}.Debug|Any CPU.ActiveCfg = Debug|Any CPU
		{A4EC4DD7-CB77-4781-B239-1CC540002DCF}.Debug|Any CPU.Build.0 = Debug|Any CPU
		{A4EC4DD7-CB77-4781-B239-1CC540002DCF}.Release|Any CPU.ActiveCfg = Release|Any CPU
		{A4EC4DD7-CB77-4781-B239-1CC540002DCF}.Release|Any CPU.Build.0 = Release|Any CPU
	EndGlobalSection
	GlobalSection(SolutionProperties) = preSolution
		HideSolutionNode = FALSE
	EndGlobalSection
	GlobalSection(ExtensibilityGlobals) = postSolution
		SolutionGuid = {F3C464EC-6762-483D-871A-9DF7850378F9}
	EndGlobalSection
	GlobalSection(NestedProjects) = preSolution
		{388128F4-BB60-4520-A9FD-B6D0E9C099C7} = {9F893F8C-4A3D-432A-BB31-7AEAD0751CF9}
		{478EF5F4-443A-471D-9EF7-B7C1987AC4C0} = {01FFB866-D45B-4410-B198-A6D4C87F1CBD}
		{8964801E-02C4-44FA-A7C0-D7AD978B141B} = {01FFB866-D45B-4410-B198-A6D4C87F1CBD}
		{2A2130A0-9EC9-4147-A699-0CB7CDEDB178} = {01FFB866-D45B-4410-B198-A6D4C87F1CBD}
		{4CBAA14C-20FD-49FD-95E3-40AE23DBDC90} = {01FFB866-D45B-4410-B198-A6D4C87F1CBD}
		{8767AFE1-F552-4571-BBD1-043BA356619C} = {B47DF249-959A-4320-82D9-7F72FC593D9F}
		{24695298-88A6-4532-AA21-70BC4FAB6218} = {01FFB866-D45B-4410-B198-A6D4C87F1CBD}
		{04B9590F-A41E-4F65-ABE1-A84E0EF50C68} = {2CAA635C-2254-4191-B58F-EFF51BAF9F74}
		{A4EC4DD7-CB77-4781-B239-1CC540002DCF} = {01FFB866-D45B-4410-B198-A6D4C87F1CBD}
	EndGlobalSection
EndGlobal
